
Microsoft Visual Studio Solution File, Format Version 12.00
# Visual Studio Version 16
VisualStudioVersion = 16.0.29102.190
MinimumVisualStudioVersion = 10.0.40219.1
Project("{9A19103F-16F7-4668-BE54-9A1E7A4F7556}") = "Newteq.Extensions.Usage.ConsoleApp", "src\Newteq.Extensions.Usage.Console\Newteq.Extensions.Usage.ConsoleApp.csproj", "{02D86661-5A55-4D92-AF96-A41AA6B1C165}"
EndProject
Global
	GlobalSection(SolutionConfigurationPlatforms) = preSolution
		Debug|Any CPU = Debug|Any CPU
		Release|Any CPU = Release|Any CPU
	EndGlobalSection
	GlobalSection(ProjectConfigurationPlatforms) = postSolution
		{02D86661-5A55-4D92-AF96-A41AA6B1C165}.Debug|Any CPU.ActiveCfg = Debug|Any CPU
		{02D86661-5A55-4D92-AF96-A41AA6B1C165}.Debug|Any CPU.Build.0 = Debug|Any CPU
		{02D86661-5A55-4D92-AF96-A41AA6B1C165}.Release|Any CPU.ActiveCfg = Release|Any CPU
		{02D86661-5A55-4D92-AF96-A41AA6B1C165}.Release|Any CPU.Build.0 = Release|Any CPU
	EndGlobalSection
	GlobalSection(SolutionProperties) = preSolution
		HideSolutionNode = FALSE
	EndGlobalSection
	GlobalSection(ExtensibilityGlobals) = postSolution
		SolutionGuid = {63AEA517-AD2A-417A-A263-673B89E13F24}
	EndGlobalSection
EndGlobal
